github.com/destel/rill v0.8.1 h1:tJTit7kljOy2i2kqP4zHG1dUA452VpMK/myYRy5SY28=
github.com/destel/rill v0.8.1/go.mod h1:srKuXzvGqINUEGYR5b/iwvW+L9/S35RxVHWGYbXNoO4=
github.com/gloo-foo/framework v0.0.0-20260627202939-16df734c1017 h1:jLS2RcpjrsbqDF9ovTHIcfsm6Bt3OtkFwYGUGgNoehs=
github.com/gloo-foo/framework v0.0.0-20260627202939-16df734c1017/go.mod h1:DtuZO+tFO9AZQLIETiWPNYovXim8bLqRX6VHe0T8eR0=
github.com/spf13/afero v1.15.0 h1:b/YBCLWAJdFWJTN9cLhiXXcD7mzKn9Dm86dNnfyQw1I=
github.com/spf13/afero v1.15.0/go.mod h1:NC2ByUVxtQs4b3sIUphxK0NioZnmxgyCrfzeuq8lxMg=
golang.org/x/text v0.38.0 h1:sXmwo9DwP3OK9EZ7PqAdaooSGozfl/3a6/xJcbzPRhE=
golang.org/x/text v0.38.0/go.mod h1:YXZt3QhHUKYT53r2lLKFIVi6Ao1jdzrTR/KQ09qyxF4=
